{
  "name": "cdk",
  "version": "1.3.0",
  "lockfileVersion": 1,
  "requires": true,
  "dependencies": {
    "@aws-cdk/assets": {
      "version": "1.1.0",
      "resolved": "https://registry.npmjs.org/@aws-cdk/assets/-/assets-1.1.0.tgz",
      "integrity": "sha512-L4+a+3FWUAZuWKlPZ1BqH7h1TKQ+ClRLaBC0Y1tp1Q8QUtGOiAuDOCRk8NDVGjh3AIoBNphhgTSt9fvpWCu6pw==",
      "requires": {
        "@aws-cdk/core": "^1.1.0",
        "@aws-cdk/cx-api": "^1.1.0",
        "minimatch": "^3.0.4"
      },
      "dependencies": {
        "minimatch": {
          "version": "3.0.4",
          "resolved": "https://registry.npmjs.org/minimatch/-/minimatch-3.0.4.tgz",
          "integrity": "sha512-yJHVQEhyqPLUTgt9B83PXu6W3rx4MvvHvSUvToogpwoGDOUQ+yDrR0HRot+yOCdCO7u4hX3pWft6kWBBcqh0UA==",
          "requires": {
            "brace-expansion": "^1.1.7"
          },
          "dependencies": {
            "balanced-match": {
              "version": "1.0.0",
              "resolved": "https://registry.npmjs.org/balanced-match/-/balanced-match-1.0.0.tgz",
              "integrity": "sha1-ibTRmasr7kneFk6gK4nORi1xt2c="
            },
            "brace-expansion": {
              "version": "1.1.11",
              "resolved": "https://registry.npmjs.org/brace-expansion/-/brace-expansion-1.1.11.tgz",
              "integrity": "sha512-iCuPHDFgrHX7H2vEI/5xpz07zSHB00TpugqhmYtVmMO6518mCuRMoOYFldEBl0g187ufozdaHgWKcYFb61qGiA==",
              "requires": {
                "balanced-match": "^1.0.0",
                "concat-map": "0.0.1"
              }
            },
            "concat-map": {
              "version": "0.0.1",
              "resolved": "https://registry.npmjs.org/concat-map/-/concat-map-0.0.1.tgz",
              "integrity": "sha1-2Klr13/Wjfd5OnMDajug1UBdR3s="
            }
          }
        }
      }
    },
    "@aws-cdk/aws-autoscaling": {
      "version": "1.1.0",
      "resolved": "https://registry.npmjs.org/@aws-cdk/aws-autoscaling/-/aws-autoscaling-1.1.0.tgz",
      "integrity": "sha512-MKpTz9yHBIBEQ3Z06oX8OPoMEKWsono7BXYsnYXaS5E6bxzeVXsQjuqlc1LXh8q3sw9rlsKSOBjHkj6t8CHwLA==",
      "requires": {
        "@aws-cdk/aws-autoscaling-common": "^1.1.0",
        "@aws-cdk/aws-cloudwatch": "^1.1.0",
        "@aws-cdk/aws-ec2": "^1.1.0",
        "@aws-cdk/aws-elasticloadbalancing": "^1.1.0",
        "@aws-cdk/aws-elasticloadbalancingv2": "^1.1.0",
        "@aws-cdk/aws-iam": "^1.1.0",
        "@aws-cdk/aws-sns": "^1.1.0",
        "@aws-cdk/core": "^1.1.0"
      }
    },
    "@aws-cdk/aws-autoscaling-common": {
      "version": "1.1.0",
      "resolved": "https://registry.npmjs.org/@aws-cdk/aws-autoscaling-common/-/aws-autoscaling-common-1.1.0.tgz",
      "integrity": "sha512-YCPS1UHUt8OWhgbq92CYLECgtMjZkQTaHX3ICoLp94YuuT6cBXmT7qrGJnVRvnFGG0I3FuuT0IWfo+UH2MOFJQ==",
      "requires": {
        "@aws-cdk/aws-iam": "^1.1.0",
        "@aws-cdk/core": "^1.1.0"
      }
    },
    "@aws-cdk/aws-certificatemanager": {
      "version": "1.1.0",
      "resolved": "https://registry.npmjs.org/@aws-cdk/aws-certificatemanager/-/aws-certificatemanager-1.1.0.tgz",
      "integrity": "sha512-8nsXaOaRukJF7Uue/JdDxj9t14V8xrst7124GTQs4Xxl0Yl1O55l3+fOkzmxVxXYQJCsFHveZDhg0uHz/IXKog==",
      "requires": {
        "@aws-cdk/aws-cloudformation": "^1.1.0",
        "@aws-cdk/aws-iam": "^1.1.0",
        "@aws-cdk/aws-lambda": "^1.1.0",
        "@aws-cdk/aws-route53": "^1.1.0",
        "@aws-cdk/core": "^1.1.0"
      }
    },
    "@aws-cdk/aws-cloudformation": {
      "version": "1.1.0",
      "resolved": "https://registry.npmjs.org/@aws-cdk/aws-cloudformation/-/aws-cloudformation-1.1.0.tgz",
      "integrity": "sha512-8UiQjimlFSh+wMN9YzHOUspECGQbuQLUdxyVI6YpKVsVoo8NMX3mTF2wMIUfaJmAwXBg6h6sOHAG2k+pqxTmFw==",
      "requires": {
        "@aws-cdk/aws-iam": "^1.1.0",
        "@aws-cdk/aws-lambda": "^1.1.0",
        "@aws-cdk/aws-sns": "^1.1.0",
        "@aws-cdk/core": "^1.1.0"
      }
    },
    "@aws-cdk/aws-cloudwatch": {
      "version": "1.1.0",
      "resolved": "https://registry.npmjs.org/@aws-cdk/aws-cloudwatch/-/aws-cloudwatch-1.1.0.tgz",
      "integrity": "sha512-3Joz7ZaaXZPJpwOTmo/EmrQCkqeR65N7k1PeiW7yO4tycX8PIUcJaFZYhm+c21I/htMXjTwxs5lX1wXGcZgSLA==",
      "requires": {
        "@aws-cdk/aws-iam": "^1.1.0",
        "@aws-cdk/core": "^1.1.0"
      }
    },
    "@aws-cdk/aws-ec2": {
      "version": "1.1.0",
      "resolved": "https://registry.npmjs.org/@aws-cdk/aws-ec2/-/aws-ec2-1.1.0.tgz",
      "integrity": "sha512-PucxRr3ulpaXIY2YA6Qp4EaPFUsUwco7dS4pIQatUR9dyiJ+vk2/gVDUzDAi1VFjRWtyxlCIj30jRWOM6PcIJg==",
      "requires": {
        "@aws-cdk/aws-cloudwatch": "^1.1.0",
        "@aws-cdk/aws-iam": "^1.1.0",
        "@aws-cdk/aws-ssm": "^1.1.0",
        "@aws-cdk/core": "^1.1.0",
        "@aws-cdk/cx-api": "^1.1.0"
      }
    },
    "@aws-cdk/aws-elasticloadbalancing": {
      "version": "1.1.0",
      "resolved": "https://registry.npmjs.org/@aws-cdk/aws-elasticloadbalancing/-/aws-elasticloadbalancing-1.1.0.tgz",
      "integrity": "sha512-thrZZ0ncFjp8rw71m7A/ju8a3hve5K01nBMLeK9L9DwtJoYFxAbaSFPgT7p8a5/SC7tbRh7m8LUh8BeVazCwdA==",
      "requires": {
        "@aws-cdk/aws-ec2": "^1.1.0",
        "@aws-cdk/core": "^1.1.0"
      }
    },
    "@aws-cdk/aws-elasticloadbalancingv2": {
      "version": "1.1.0",
      "resolved": "https://registry.npmjs.org/@aws-cdk/aws-elasticloadbalancingv2/-/aws-elasticloadbalancingv2-1.1.0.tgz",
      "integrity": "sha512-nT5k4g7lcve2qhk6deRKpx7zZxDNsR8IMsakReG/GZH2AQkYZrakZ9zSu9LNE4ZytbiUCNCIyVZL5pX6Z7ntpQ==",
      "requires": {
        "@aws-cdk/aws-certificatemanager": "^1.1.0",
        "@aws-cdk/aws-cloudwatch": "^1.1.0",
        "@aws-cdk/aws-ec2": "^1.1.0",
        "@aws-cdk/aws-iam": "^1.1.0",
        "@aws-cdk/aws-s3": "^1.1.0",
        "@aws-cdk/core": "^1.1.0"
      }
    },
    "@aws-cdk/aws-events": {
      "version": "1.1.0",
      "resolved": "https://registry.npmjs.org/@aws-cdk/aws-events/-/aws-events-1.1.0.tgz",
      "integrity": "sha512-oOC7OZgMTbhAM0akhREiko+977jBvxzf6DfiduoAfWMC2xR5UHFyUWLOM4tyUKzULm99f9vDlTDm1GFqGhVaHA==",
      "requires": {
        "@aws-cdk/aws-iam": "^1.1.0",
        "@aws-cdk/core": "^1.1.0"
      }
    },
    "@aws-cdk/aws-iam": {
      "version": "1.1.0",
      "resolved": "https://registry.npmjs.org/@aws-cdk/aws-iam/-/aws-iam-1.1.0.tgz",
      "integrity": "sha512-5C0DiFJYvjZzNjP0TQndgL1n5ISronLSKBwFayNcS4VG/M4Sl2H0evYO3weEcQvap4yuosntPKR5eIQ0qYvMWA==",
      "requires": {
        "@aws-cdk/core": "^1.1.0",
        "@aws-cdk/region-info": "^1.1.0"
      }
    },
    "@aws-cdk/aws-kms": {
      "version": "1.1.0",
      "resolved": "https://registry.npmjs.org/@aws-cdk/aws-kms/-/aws-kms-1.1.0.tgz",
      "integrity": "sha512-QN71ikdFyywFZJHff9tUxw3yS0luVWBNsct6e5Hb6Jgt0T54020MeuIxy2VUC3VnMjRRFc0xklbZzhtxEoQGrQ==",
      "requires": {
        "@aws-cdk/aws-iam": "^1.1.0",
        "@aws-cdk/core": "^1.1.0"
      }
    },
    "@aws-cdk/aws-lambda": {
      "version": "1.1.0",
      "resolved": "https://registry.npmjs.org/@aws-cdk/aws-lambda/-/aws-lambda-1.1.0.tgz",
      "integrity": "sha512-yjF2fu5A+txT/oBroTJYlE/vjg0wuFwbF5tXguULCtNWOHqgr25AjSMb9oXftW4C6qzQwt8Gal/ZlZRygyJMxg==",
      "requires": {
        "@aws-cdk/aws-cloudwatch": "^1.1.0",
        "@aws-cdk/aws-ec2": "^1.1.0",
        "@aws-cdk/aws-events": "^1.1.0",
        "@aws-cdk/aws-iam": "^1.1.0",
        "@aws-cdk/aws-logs": "^1.1.0",
        "@aws-cdk/aws-s3": "^1.1.0",
        "@aws-cdk/aws-s3-assets": "^1.1.0",
        "@aws-cdk/aws-sqs": "^1.1.0",
        "@aws-cdk/core": "^1.1.0",
        "@aws-cdk/cx-api": "^1.1.0"
      }
    },
    "@aws-cdk/aws-logs": {
      "version": "1.1.0",
      "resolved": "https://registry.npmjs.org/@aws-cdk/aws-logs/-/aws-logs-1.1.0.tgz",
      "integrity": "sha512-2FhRr0voqNZtDXbAWKjGd+nMTLolQ4wMpjMrUrsZSY++ks+3MAlnu5aejikbgnRLrDipH6aEwqf0mliV/09XMw==",
      "requires": {
        "@aws-cdk/aws-cloudwatch": "^1.1.0",
        "@aws-cdk/aws-iam": "^1.1.0",
        "@aws-cdk/core": "^1.1.0"
      }
    },
    "@aws-cdk/aws-route53": {
      "version": "1.1.0",
      "resolved": "https://registry.npmjs.org/@aws-cdk/aws-route53/-/aws-route53-1.1.0.tgz",
      "integrity": "sha512-gH6PPth9AVzCZ8EwRtg+nsJd+pKu2ccRRjnZJjuaFsjyg1SrriBbtMd459sGMqE1HG9TvFYUIWhYS+D+LWOSXQ==",
      "requires": {
        "@aws-cdk/aws-ec2": "^1.1.0",
        "@aws-cdk/aws-logs": "^1.1.0",
        "@aws-cdk/core": "^1.1.0",
        "@aws-cdk/cx-api": "^1.1.0"
      }
    },
    "@aws-cdk/aws-s3": {
      "version": "1.1.0",
      "resolved": "https://registry.npmjs.org/@aws-cdk/aws-s3/-/aws-s3-1.1.0.tgz",
      "integrity": "sha512-Idy2Z/m2IgpLe3gdKxn08jbJjaGK0PWMSHYeQPDR1gkepSlet48FCfYSPMNIbyzK5thiXPDH7csyBdCalaW7Dg==",
      "requires": {
        "@aws-cdk/aws-events": "^1.1.0",
        "@aws-cdk/aws-iam": "^1.1.0",
        "@aws-cdk/aws-kms": "^1.1.0",
        "@aws-cdk/core": "^1.1.0"
      }
    },
    "@aws-cdk/aws-s3-assets": {
      "version": "1.1.0",
      "resolved": "https://registry.npmjs.org/@aws-cdk/aws-s3-assets/-/aws-s3-assets-1.1.0.tgz",
      "integrity": "sha512-Zh4Xgul+DSU1/LudY47MmQx6c5BDooAdq4UvAb4ezrayAmWjLfBmN7uYm2nu4Wbz9Cv4vUdGqCsX9Rl8wRNcJQ==",
      "requires": {
        "@aws-cdk/assets": "^1.1.0",
        "@aws-cdk/aws-iam": "^1.1.0",
        "@aws-cdk/aws-s3": "^1.1.0",
        "@aws-cdk/core": "^1.1.0",
        "@aws-cdk/cx-api": "^1.1.0"
      }
    },
    "@aws-cdk/aws-sns": {
      "version": "1.1.0",
      "resolved": "https://registry.npmjs.org/@aws-cdk/aws-sns/-/aws-sns-1.1.0.tgz",
      "integrity": "sha512-tSGZOgHiQim40g4MhHGuadTL798RBASSC6Ws2FzO9GXASgQzRAYIcdHlCihfOTYG4VsEdVunb8yFbOmMiesvuw==",
      "requires": {
        "@aws-cdk/aws-cloudwatch": "^1.1.0",
        "@aws-cdk/aws-events": "^1.1.0",
        "@aws-cdk/aws-iam": "^1.1.0",
        "@aws-cdk/core": "^1.1.0"
      }
    },
    "@aws-cdk/aws-sqs": {
      "version": "1.1.0",
      "resolved": "https://registry.npmjs.org/@aws-cdk/aws-sqs/-/aws-sqs-1.1.0.tgz",
      "integrity": "sha512-yCgWFAucKxpWEQ9Y8wT5ut/xgX/tC6DlHyo9K8KxajtWhin2RrBrkuGl3xHo2dILQ2D9LCbCYcFBDo4IAeVnhw==",
      "requires": {
        "@aws-cdk/aws-cloudwatch": "^1.1.0",
        "@aws-cdk/aws-iam": "^1.1.0",
        "@aws-cdk/aws-kms": "^1.1.0",
        "@aws-cdk/core": "^1.1.0"
      }
    },
    "@aws-cdk/aws-ssm": {
      "version": "1.1.0",
      "resolved": "https://registry.npmjs.org/@aws-cdk/aws-ssm/-/aws-ssm-1.1.0.tgz",
      "integrity": "sha512-8TiLNWmwtK/1Tp2hs1LJzEUNHJ/I0RrZA2nfwjfut6qOTOcQANokHRm8ecKKrGfWZ6D240SQXlcXLr9YszT8cg==",
      "requires": {
        "@aws-cdk/aws-iam": "^1.1.0",
        "@aws-cdk/core": "^1.1.0",
        "@aws-cdk/cx-api": "^1.1.0"
      }
    },
    "@aws-cdk/core": {
      "version": "1.1.0",
      "resolved": "https://registry.npmjs.org/@aws-cdk/core/-/core-1.1.0.tgz",
      "integrity": "sha512-ZOLhK3VaroZtL3SOnRny2xVbQGWSjbCZtevp3jxDlZqOF/isK0kTaChYTqFSDq/+/FNkp5wslqfOhkjWUwgHvQ==",
      "requires": {
        "@aws-cdk/cx-api": "^1.1.0"
      }
    },
    "@aws-cdk/cx-api": {
      "version": "1.1.0",
      "resolved": "https://registry.npmjs.org/@aws-cdk/cx-api/-/cx-api-1.1.0.tgz",
      "integrity": "sha512-7WgWW58w/4ZhDhX8h7R7/ZLv+Z1753Ifu+SQlHQRQIT6cadMh7FqdmL/U/TgBS4Il8+iD7aTEOGYOq5GsrI1og==",
      "requires": {
        "semver": "^6.1.1"
      },
      "dependencies": {
        "semver": {
          "version": "6.2.0",
          "resolved": false,
          "integrity": "sha512-jdFC1VdUGT/2Scgbimf7FSx9iJLXoqfglSF+gJeuNWVpiE37OIbc1jywR/GJyFdz3mnkz2/id0L0J/cr0izR5A=="
        }
      }
    },
    "@aws-cdk/region-info": {
      "version": "1.1.0",
      "resolved": "https://registry.npmjs.org/@aws-cdk/region-info/-/region-info-1.1.0.tgz",
      "integrity": "sha512-1Yxhu2YK4+gKuMB/3AoahC21RJEb/Z93XeB4tncpYM7mbOk9XFAmpTjuYxzxT2yXCZp0n4S1giaOVC6K5Qpk4g=="
    },
    "@types/node": {
      "version": "8.10.40",
      "resolved": "https://registry.npmjs.org/@types/node/-/node-8.10.40.tgz",
      "integrity": "sha512-RRSjdwz63kS4u7edIwJUn8NqKLLQ6LyqF/X4+4jp38MBT3Vwetewi2N4dgJEshLbDwNgOJXNYoOwzVZUSSLhkQ==",
      "dev": true
    },
    "buffer-from": {
      "version": "1.1.1",
      "resolved": "https://registry.npmjs.org/buffer-from/-/buffer-from-1.1.1.tgz",
      "integrity": "sha512-MQcXEUbCKtEo7bhqEs6560Hyd4XaovZlO/k9V3hjVUF/zwW7KBVdSK4gIt/bzwS9MbR5qob+F5jusZsb0YQK2A=="
    },
    "lodash": {
      "version": "4.17.15",
      "resolved": "https://registry.npmjs.org/lodash/-/lodash-4.17.15.tgz",
      "integrity": "sha512-8xOcRHvCjnocdS5cpwXQXVzmmh5e5+saE2QGoeQmbKmRS6J3VQppPOIt0MnmE+4xlZoumy0GPG0D0MVIQbNA1A=="
    },
    "source-map": {
      "version": "0.6.1",
      "resolved": "https://registry.npmjs.org/source-map/-/source-map-0.6.1.tgz",
      "integrity": "sha512-UjgapumWlbMhkBgzT7Ykc5YXUT46F0iKu8SGXq0bcwP5dz/h0Plj6enJqjz1Zbq2l5WaqYnrVbwWOWMyF3F47g=="
    },
    "source-map-support": {
      "version": "0.5.12",
      "resolved": "https://registry.npmjs.org/source-map-support/-/source-map-support-0.5.12.tgz",
      "integrity": "sha512-4h2Pbvyy15EE02G+JOZpUCmqWJuqrs+sEkzewTm++BPi7Hvn/HwcqLAcNxYAyI0x13CpPPn+kMjl+hplXMHITQ==",
      "requires": {
        "buffer-from": "^1.0.0",
        "source-map": "^0.6.0"
      }
    },
    "typescript": {
      "version": "3.5.3",
      "resolved": "https://registry.npmjs.org/typescript/-/typescript-3.5.3.tgz",
      "integrity": "sha512-ACzBtm/PhXBDId6a6sDJfroT2pOWt/oOnk4/dElG5G33ZL776N3Y6/6bKZJBFpd+b05F3Ct9qDjMeJmRWtE2/g==",
      "dev": true
    }
  }
}
